// !$*UTF8*$!
{
	archiveVersion = 1;
	classes = {
	};
	objectVersion = 48;
	objects = {

/* Begin PBXBuildFile section */
		DFF1CE781FFFDEF500F44FCD /* Patterns_02View.h in Headers */ = {isa = PBXBuildFile; fileRef = DFF1CE771FFFDEF500F44FCD /* Patterns_02View.h */; };
		DFF1CE7A1FFFDEF500F44FCD /* Patterns_02View.m in Sources */ = {isa = PBXBuildFile; fileRef = DFF1CE791FFFDEF500F44FCD /* Patterns_02View.m */; };
/* End PBXBuildFile section */

/* Begin PBXFileReference section */
		DFF1CE741FFFDEF500F44FCD /* Patterns 02.saver */ = {isa = PBXFileReference; explicitFileType = wrapper.cfbundle; includeInIndex = 0; path = "Patterns 02.saver"; sourceTree = BUILT_PRODUCTS_DIR; };
		DFF1CE771FFFDEF500F44FCD /* Patterns_02View.h */ = {isa = PBXFileReference; lastKnownFileType = sourcecode.c.h; path = Patterns_02View.h; sourceTree = "<group>"; };
		DFF1CE791FFFDEF500F44FCD /* Patterns_02View.m */ = {isa = PBXFileReference; lastKnownFileType = sourcecode.c.objc; path = Patterns_02View.m; sourceTree = "<group>"; };
		DFF1CE7B1FFFDEF500F44FCD /* Info.plist */ = {isa = PBXFileReference; lastKnownFileType = text.plist.xml; path = Info.plist; sourceTree = "<group>"; };
/* End PBXFileReference section */

/* Begin PBXFrameworksBuildPhase section */
		DFF1CE701FFFDEF500F44FCD /* Frameworks */ = {
			isa = PBXFrameworksBuildPhase;
			buildActionMask = 2147483647;
			files = (
			);
			runOnlyForDeploymentPostprocessing = 0;
		};
/* End PBXFrameworksBuildPhase section */

/* Begin PBXGroup section */
		DFF1CE6A1FFFDEF500F44FCD = {
			isa = PBXGroup;
			children = (
				DFF1CE761FFFDEF500F44FCD /* Patterns 02 */,
				DFF1CE751FFFDEF500F44FCD /* Products */,
			);
			sourceTree = "<group>";
		};
		DFF1CE751FFFDEF500F44FCD /* Products */ = {
			isa = PBXGroup;
			children = (
				DFF1CE741FFFDEF500F44FCD /* Patterns 02.saver */,
			);
			name = Products;
			sourceTree = "<group>";
		};
		DFF1CE761FFFDEF500F44FCD /* Patterns 02 */ = {
			isa = PBXGroup;
			children = (
				DFF1CE771FFFDEF500F44FCD /* Patterns_02View.h */,
				DFF1CE791FFFDEF500F44FCD /* Patterns_02View.m */,
				DFF1CE7B1FFFDEF500F44FCD /* Info.plist */,
			);
			path = "Patterns 02";
			sourceTree = "<group>";
		};
/* End PBXGroup section */

/* Begin PBXHeadersBuildPhase section */
		DFF1CE711FFFDEF500F44FCD /* Headers */ = {
			isa = PBXHeadersBuildPhase;
			buildActionMask = 2147483647;
			files = (
				DFF1CE781FFFDEF500F44FCD /* Patterns_02View.h in Headers */,
			);
			runOnlyForDeploymentPostprocessing = 0;
		};
/* End PBXHeadersBuildPhase section */

/* Begin PBXNativeTarget section */
		DFF1CE731FFFDEF500F44FCD /* Patterns 02 */ = {
			isa = PBXNativeTarget;
			buildConfigurationList = DFF1CE7E1FFFDEF500F44FCD /* Build configuration list for PBXNativeTarget "Patterns 02" */;
			buildPhases = (
				DFF1CE6F1FFFDEF500F44FCD /* Sources */,
				DFF1CE701FFFDEF500F44FCD /* Frameworks */,
				DFF1CE711FFFDEF500F44FCD /* Headers */,
				DFF1CE721FFFDEF500F44FCD /* Resources */,
			);
			buildRules = (
			);
			dependencies = (
			);
			name = "Patterns 02";
			productName = "Patterns 02";
			productReference = DFF1CE741FFFDEF500F44FCD /* Patterns 02.saver */;
			productType = "com.apple.product-type.bundle";
		};
/* End PBXNativeTarget section */

/* Begin PBXProject section */
		DFF1CE6B1FFFDEF500F44FCD /* Project object */ = {
			isa = PBXProject;
			attributes = {
				LastUpgradeCheck = 0920;
				ORGANIZATIONNAME = "Magnus Wissler";
				TargetAttributes = {
					DFF1CE731FFFDEF500F44FCD = {
						CreatedOnToolsVersion = 9.2;
						ProvisioningStyle = Automatic;
					};
				};
			};
			buildConfigurationList = DFF1CE6E1FFFDEF500F44FCD /* Build configuration list for PBXProject "Patterns 02" */;
			compatibilityVersion = "Xcode 8.0";
			developmentRegion = en;
			hasScannedForEncodings = 0;
			knownRegions = (
				en,
			);
			mainGroup = DFF1CE6A1FFFDEF500F44FCD;
			productRefGroup = DFF1CE751FFFDEF500F44FCD /* Products */;
			projectDirPath = "";
			projectRoot = "";
			targets = (
				DFF1CE731FFFDEF500F44FCD /* Patterns 02 */,
			);
		};
/* End PBXProject section */

/* Begin PBXResourcesBuildPhase section */
		DFF1CE721FFFDEF500F44FCD /* Resources */ = {
			isa = PBXResourcesBuildPhase;
			buildActionMask = 2147483647;
			files = (
			);
			runOnlyForDeploymentPostprocessing = 0;
		};
/* End PBXResourcesBuildPhase section */

/* Begin PBXSourcesBuildPhase section */
		DFF1CE6F1FFFDEF500F44FCD /* Sources */ = {
			isa = PBXSourcesBuildPhase;
			buildActionMask = 2147483647;
			files = (
				DFF1CE7A1FFFDEF500F44FCD /* Patterns_02View.m in Sources */,
			);
			runOnlyForDeploymentPostprocessing = 0;
		};
/* End PBXSourcesBuildPhase section */

/* Begin XCBuildConfiguration section */
		DFF1CE7C1FFFDEF500F44FCD /* Debug */ = {
			isa = XCBuildConfiguration;
			buildSettings = {
				ALWAYS_SEARCH_USER_PATHS = NO;
				CLANG_ANALYZER_NONNULL = YES;
				CLANG_ANALYZER_NUMBER_OBJECT_CONVERSION = YES_AGGRESSIVE;
				CLANG_CXX_LANGUAGE_STANDARD = "gnu++14";
				CLANG_CXX_LIBRARY = "libc++";
				CLANG_ENABLE_MODULES = YES;
				CLANG_ENABLE_OBJC_ARC = YES;
				CLANG_WARN_BLOCK_CAPTURE_AUTORELEASING = YES;
				CLANG_WARN_BOOL_CONVERSION = YES;
				CLANG_WARN_COMMA = YES;
				CLANG_WARN_CONSTANT_CONVERSION = YES;
				CLANG_WARN_DIRECT_OBJC_ISA_USAGE = YES_ERROR;
				CLANG_WARN_DOCUMENTATION_COMMENTS = YES;
				CLANG_WARN_EMPTY_BODY = YES;
				CLANG_WARN_ENUM_CONVERSION = YES;
				CLANG_WARN_INFINITE_RECURSION = YES;
				CLANG_WARN_INT_CONVERSION = YES;
				CLANG_WARN_NON_LITERAL_NULL_CONVERSION = YES;
				CLANG_WARN_OBJC_LITERAL_CONVERSION = YES;
				CLANG_WARN_OBJC_ROOT_CLASS = YES_ERROR;
				CLANG_WARN_RANGE_LOOP_ANALYSIS = YES;
				CLANG_WARN_STRICT_PROTOTYPES = YES;
				CLANG_WARN_SUSPICIOUS_MOVE = YES;
				CLANG_WARN_UNGUARDED_AVAILABILITY = YES_AGGRESSIVE;
				CLANG_WARN_UNREACHABLE_CODE = YES;
				CLANG_WARN__DUPLICATE_METHOD_MATCH = YES;
				CODE_SIGN_IDENTITY = "Mac Developer";
				COPY_PHASE_STRIP = NO;
				DEBUG_INFORMATION_FORMAT = dwarf;
				ENABLE_STRICT_OBJC_MSGSEND = YES;
				ENABLE_TESTABILITY = YES;
				GCC_C_LANGUAGE_STANDARD = gnu11;
				GCC_DYNAMIC_NO_PIC = NO;
				GCC_NO_COMMON_BLOCKS = YES;
				GCC_OPTIMIZATION_LEVEL = 0;
				GCC_PREPROCESSOR_DEFINITIONS = (
					"DEBUG=1",
					"$(inherited)",
				);
				GCC_WARN_64_TO_32_BIT_CONVERSION = YES;
				GCC_WARN_ABOUT_RETURN_TYPE = YES_ERROR;
				GCC_WARN_UNDECLARED_SELECTOR = YES;
				GCC_WARN_UNINITIALIZED_AUTOS = YES_AGGRESSIVE;
				GCC_WARN_UNUSED_FUNCTION = YES;
				GCC_WARN_UNUSED_VARIABLE = YES;
				MACOSX_DEPLOYMENT_TARGET = 10.13;
				MTL_ENABLE_DEBUG_INFO = YES;
				ONLY_ACTIVE_ARCH = YES;
				SDKROOT = macosx;
			};
			name = Debug;
		};
		DFF1CE7D1FFFDEF500F44FCD /* Release */ = {
			isa = XCBuildConfiguration;
			buildSettings = {
				ALWAYS_SEARCH_USER_PATHS = NO;
				CLANG_ANALYZER_NONNULL = YES;
				CLANG_ANALYZER_NUMBER_OBJECT_CONVERSION = YES_AGGRESSIVE;
				CLANG_CXX_LANGUAGE_STANDARD = "gnu++14";
				CLANG_CXX_LIBRARY = "libc++";
				CLANG_ENABLE_MODULES = YES;
				CLANG_ENABLE_OBJC_ARC = YES;
				CLANG_WARN_BLOCK_CAPTURE_AUTORELEASING = YES;
				CLANG_WARN_BOOL_CONVERSION = YES;
				CLANG_WARN_COMMA = YES;
				CLANG_WARN_CONSTANT_CONVERSION = YES;
				CLANG_WARN_DIRECT_OBJC_ISA_USAGE = YES_ERROR;
				CLANG_WARN_DOCUMENTATION_COMMENTS = YES;
				CLANG_WARN_EMPTY_BODY = YES;
				CLANG_WARN_ENUM_CONVERSION = YES;
				CLANG_WARN_INFINITE_RECURSION = YES;
				CLANG_WARN_INT_CONVERSION = YES;
				CLANG_WARN_NON_LITERAL_NULL_CONVERSION = YES;
				CLANG_WARN_OBJC_LITERAL_CONVERSION = YES;
				CLANG_WARN_OBJC_ROOT_CLASS = YES_ERROR;
				CLANG_WARN_RANGE_LOOP_ANALYSIS = YES;
				CLANG_WARN_STRICT_PROTOTYPES = YES;
				CLANG_WARN_SUSPICIOUS_MOVE = YES;
				CLANG_WARN_UNGUARDED_AVAILABILITY = YES_AGGRESSIVE;
				CLANG_WARN_UNREACHABLE_CODE = YES;
				CLANG_WARN__DUPLICATE_METHOD_MATCH = YES;
				CODE_SIGN_IDENTITY = "Mac Developer";
				COPY_PHASE_STRIP = NO;
				DEBUG_INFORMATION_FORMAT = "dwarf-with-dsym";
				ENABLE_NS_ASSERTIONS = NO;
				ENABLE_STRICT_OBJC_MSGSEND = YES;
				GCC_C_LANGUAGE_STANDARD = gnu11;
				GCC_NO_COMMON_BLOCKS = YES;
				GCC_WARN_64_TO_32_BIT_CONVERSION = YES;
				GCC_WARN_ABOUT_RETURN_TYPE = YES_ERROR;
				GCC_WARN_UNDECLARED_SELECTOR = YES;
				GCC_WARN_UNINITIALIZED_AUTOS = YES_AGGRESSIVE;
				GCC_WARN_UNUSED_FUNCTION = YES;
				GCC_WARN_UNUSED_VARIABLE = YES;
				MACOSX_DEPLOYMENT_TARGET = 10.13;
				MTL_ENABLE_DEBUG_INFO = NO;
				SDKROOT = macosx;
			};
			name = Release;
		};
		DFF1CE7F1FFFDEF500F44FCD /* Debug */ = {
			isa = XCBuildConfiguration;
			buildSettings = {
				CODE_SIGN_STYLE = Automatic;
				COMBINE_HIDPI_IMAGES = YES;
				DEVELOPMENT_TEAM = M69S6XM65D;
				INFOPLIST_FILE = "Patterns 02/Info.plist";
				INSTALL_PATH = "$(HOME)/Library/Screen Savers";
				PRODUCT_BUNDLE_IDENTIFIER = "net.wittyname.Patterns-02";
				PRODUCT_NAME = "$(TARGET_NAME)";
				WRAPPER_EXTENSION = saver;
			};
			name = Debug;
		};
		DFF1CE801FFFDEF500F44FCD /* Release */ = {
			isa = XCBuildConfiguration;
			buildSettings = {
				CODE_SIGN_STYLE = Automatic;
				COMBINE_HIDPI_IMAGES = YES;
				DEVELOPMENT_TEAM = M69S6XM65D;
				INFOPLIST_FILE = "Patterns 02/Info.plist";
				INSTALL_PATH = "$(HOME)/Library/Screen Savers";
				PRODUCT_BUNDLE_IDENTIFIER = "net.wittyname.Patterns-02";
				PRODUCT_NAME = "$(TARGET_NAME)";
				WRAPPER_EXTENSION = saver;
			};
			name = Release;
		};
/* End XCBuildConfiguration section */

/* Begin XCConfigurationList section */
		DFF1CE6E1FFFDEF500F44FCD /* Build configuration list for PBXProject "Patterns 02" */ = {
			isa = XCConfigurationList;
			buildConfigurations = (
				DFF1CE7C1FFFDEF500F44FCD /* Debug */,
				DFF1CE7D1FFFDEF500F44FCD /* Release */,
			);
			defaultConfigurationIsVisible = 0;
			defaultConfigurationName = Release;
		};
		DFF1CE7E1FFFDEF500F44FCD /* Build configuration list for PBXNativeTarget "Patterns 02" */ = {
			isa = XCConfigurationList;
			buildConfigurations = (
				DFF1CE7F1FFFDEF500F44FCD /* Debug */,
				DFF1CE801FFFDEF500F44FCD /* Release */,
			);
			defaultConfigurationIsVisible = 0;
			defaultConfigurationName = Release;
		};
/* End XCConfigurationList section */
	};
	rootObject = DFF1CE6B1FFFDEF500F44FCD /* Project object */;
}
